<Project ToolsVersion="4.0" xmlns="http://schemas.microsoft.com/developer/msbuild/2003">
  <ItemGroup>
    <Filter Include="Source Files">
      <UniqueIdentifier>{4FC737F1-C7A5-4376-A066-2A32D752A2FF}</UniqueIdentifier>
      <Extensions>cpp;c;cc;cxx;def;odl;idl;hpj;bat;asm;asmx</Extensions>
    </Filter>
    <Filter Include="Header Files">
      <UniqueIdentifier>{93995380-89BD-4b04-88EB-625FBE52EBFB}</UniqueIdentifier>
      <Extensions>h;hpp;hxx;hm;inl;inc;xsd</Extensions>
    </Filter>
    <Filter Include="Resource Files">
      <UniqueIdentifier>{67DA6AB6-F800-4c08-8B7A-83BB121AAD01}</UniqueIdentifier>
      <Extensions>rc;ico;cur;bmp;dlg;rc2;rct;bin;rgs;gif;jpg;jpeg;jpe;resx;tiff;tif;png;wav</Extensions>
    </Filter>
    <Filter Include="Blocks">
      <UniqueIdentifier>{1E9AD08B-A25F-419B-9FA9-19AF48EA00D2}</UniqueIdentifier>
    </Filter>
    <Filter Include="Blocks\ImGui">
      <UniqueIdentifier>{59AA21B8-C043-4F19-A7F0-79816C3996C7}</UniqueIdentifier>
    </Filter>
    <Filter Include="Blocks\ImGui\include">
      <UniqueIdentifier>{8CA57705-BE43-495B-AC04-5CC0BE676B3E}</UniqueIdentifier>
    </Filter>
    <Filter Include="Blocks\ImGui\lib">
      <UniqueIdentifier>{91A96901-CF85-4874-9DF7-C987B3D3095B}</UniqueIdentifier>
    </Filter>
    <Filter Include="Blocks\ImGui\lib\imgui">
      <UniqueIdentifier>{72CB9673-6222-4745-915A-D4B928C7CA4C}</UniqueIdentifier>
    </Filter>
    <Filter Include="Blocks\ImGui\src">
      <UniqueIdentifier>{C683DD4E-A441-4E00-AA56-9CE030285DE2}</UniqueIdentifier>
    </Filter>
    <Filter Include="Blocks\Midi2">
      <UniqueIdentifier>{8DC30EBB-3357-4F22-A238-47F4253ADE76}</UniqueIdentifier>
    </Filter>
    <Filter Include="Blocks\Midi2\include">
      <UniqueIdentifier>{0157E477-1557-4BA0-97D2-049051DD2847}</UniqueIdentifier>
    </Filter>
    <Filter Include="Blocks\Midi2\lib">
      <UniqueIdentifier>{2D6909BB-57D2-4691-ADF8-392DF13EE6C6}</UniqueIdentifier>
    </Filter>
    <Filter Include="Blocks\Midi2\src">
      <UniqueIdentifier>{C753FEC1-2826-4A78-99AD-AC500481CD57}</UniqueIdentifier>
    </Filter>
    <Filter Include="Blocks\Cinder-Warping">
      <UniqueIdentifier>{F0E0EA5E-4C87-4214-A6ED-16AD7473AA00}</UniqueIdentifier>
    </Filter>
    <Filter Include="Blocks\Cinder-Warping\include">
      <UniqueIdentifier>{AA19EE9C-D3CA-400E-AFF9-29F370EE1900}</UniqueIdentifier>
    </Filter>
    <Filter Include="Blocks\Cinder-Warping\src">
      <UniqueIdentifier>{D0912359-BADC-4DCA-AFCD-66438D170A75}</UniqueIdentifier>
    </Filter>
    <Filter Include="Blocks\Cinder-WebSocketPP">
      <UniqueIdentifier>{A72182B1-859D-43EE-AD0C-E7D7388E6181}</UniqueIdentifier>
    </Filter>
    <Filter Include="Blocks\Cinder-WebSocketPP\src">
      <UniqueIdentifier>{8796B59A-F399-480B-8448-297E2F944259}</UniqueIdentifier>
    </Filter>
    <Filter Include="Blocks\OSC">
      <UniqueIdentifier>{FD9023F1-78F2-4D75-8865-13E978A40334}</UniqueIdentifier>
    </Filter>
    <Filter Include="Blocks\OSC\src">
      <UniqueIdentifier>{92283557-B6C1-42EB-B375-DB328D76A095}</UniqueIdentifier>
    </Filter>
    <Filter Include="Blocks\OSC\src\cinder">
      <UniqueIdentifier>{C1C31951-7360-42F2-A26F-CBBF08A4CCA7}</UniqueIdentifier>
    </Filter>
    <Filter Include="Blocks\OSC\src\cinder\osc">
      <UniqueIdentifier>{E2609F2B-5435-4790-AB4E-791F1DB5E289}</UniqueIdentifier>
    </Filter>
    <Filter Include="Blocks\Cinder-VD">
      <UniqueIdentifier>{24D584CF-BDC4-4784-A2E1-0852ED6C2E2E}</UniqueIdentifier>
    </Filter>
    <Filter Include="Blocks\Cinder-VD\include">
      <UniqueIdentifier>{C4846AB8-E280-4210-8EBC-5B925095B941}</UniqueIdentifier>
    </Filter>
    <Filter Include="Blocks\Cinder-VD\src">
      <UniqueIdentifier>{B5BE40D7-9164-4C4E-A3D0-175EFA93E388}</UniqueIdentifier>
    </Filter>
    <Filter Include="Blocks\Cinder-VDUI">
      <UniqueIdentifier>{F764FE13-2CB3-40F8-A293-2AA8D5384E59}</UniqueIdentifier>
    </Filter>
    <Filter Include="Blocks\Cinder-VDUI\include">
      <UniqueIdentifier>{54EC3F47-EBBD-47A1-BB6B-F8209792EF2A}</UniqueIdentifier>
    </Filter>
    <Filter Include="Blocks\Cinder-VDUI\src">
      <UniqueIdentifier>{8C8264ED-ACC7-48F9-A140-3C36A730AC13}</UniqueIdentifier>
    </Filter>
    <Filter Include="assets">
      <UniqueIdentifier>{03e8c646-c91a-45c3-8d3f-6d4d94aa6854}</UniqueIdentifier>
    </Filter>
    <Filter Include="debug">
      <UniqueIdentifier>{6e9f77d2-2571-402d-9b4f-5cc3e93ee255}</UniqueIdentifier>
    </Filter>
  </ItemGroup>
  <ItemGroup>
    <ClCompile Include="..\src\ImageSequenceApp.cpp">
      <Filter>Source Files</Filter>
    </ClCompile>
    <ClInclude Include="..\include\Resources.h">
      <Filter>Header Files</Filter>
    </ClInclude>
    <ClCompile Include="..\src\ImageSequenceApp.cpp">
      <Filter>Source Files</Filter>
    </ClCompile>
    <ClInclude Include="..\..\..\Cinder\blocks\Cinder-ImGui\include\CinderImGui.h">
      <Filter>Blocks\ImGui\include</Filter>
    </ClInclude>
    <ClInclude Include="..\..\..\Cinder\blocks\Cinder-ImGui\include\imgui_user.h">
      <Filter>Blocks\ImGui\include</Filter>
    </ClInclude>
    <ClInclude Include="..\..\..\Cinder\blocks\Cinder-ImGui\include\imgui_user.inl">
      <Filter>Blocks\ImGui\include</Filter>
    </ClInclude>
    <ClInclude Include="..\..\..\Cinder\blocks\Cinder-ImGui\lib\imgui\imconfig.h">
      <Filter>Blocks\ImGui\lib\imgui</Filter>
    </ClInclude>
    <ClInclude Include="..\..\..\Cinder\blocks\Cinder-ImGui\lib\imgui\imgui.h">
      <Filter>Blocks\ImGui\lib\imgui</Filter>
    </ClInclude>
    <ClInclude Include="..\..\..\Cinder\blocks\Cinder-ImGui\lib\imgui\imgui_internal.h">
      <Filter>Blocks\ImGui\lib\imgui</Filter>
    </ClInclude>
    <ClCompile Include="..\..\..\Cinder\blocks\Cinder-ImGui\src\CinderImGui.cpp">
      <Filter>Blocks\ImGui\src</Filter>
    </ClCompile>
    <ClCompile Include="..\..\..\Cinder\blocks\Cinder-ImGui\lib\imgui\imgui.cpp">
      <Filter>Blocks\ImGui\lib\imgui</Filter>
    </ClCompile>
    <ClCompile Include="..\..\..\Cinder\blocks\Cinder-ImGui\lib\imgui\imgui_draw.cpp">
      <Filter>Blocks\ImGui\lib\imgui</Filter>
    </ClCompile>
    <ClCompile Include="..\..\..\Cinder\blocks\Cinder-ImGui\lib\imgui\imgui_demo.cpp">
      <Filter>Blocks\ImGui\lib\imgui</Filter>
    </ClCompile>
    <ClInclude Include="..\..\..\Cinder\blocks\Cinder-MIDI2\include\MidiConstants.h">
      <Filter>Blocks\Midi2\include</Filter>
    </ClInclude>
    <ClInclude Include="..\..\..\Cinder\blocks\Cinder-MIDI2\include\MidiExceptions.h">
      <Filter>Blocks\Midi2\include</Filter>
    </ClInclude>
    <ClInclude Include="..\..\..\Cinder\blocks\Cinder-MIDI2\include\MidiHeaders.h">
      <Filter>Blocks\Midi2\include</Filter>
    </ClInclude>
    <ClInclude Include="..\..\..\Cinder\blocks\Cinder-MIDI2\include\MidiHub.h">
      <Filter>Blocks\Midi2\include</Filter>
    </ClInclude>
    <ClInclude Include="..\..\..\Cinder\blocks\Cinder-MIDI2\include\MidiIn.h">
      <Filter>Blocks\Midi2\include</Filter>
    </ClInclude>
    <ClInclude Include="..\..\..\Cinder\blocks\Cinder-MIDI2\include\MidiMessage.h">
      <Filter>Blocks\Midi2\include</Filter>
    </ClInclude>
    <ClInclude Include="..\..\..\Cinder\blocks\Cinder-MIDI2\include\MidiOut.h">
      <Filter>Blocks\Midi2\include</Filter>
    </ClInclude>
    <ClInclude Include="..\..\..\Cinder\blocks\Cinder-MIDI2\lib\RtError.h">
      <Filter>Blocks\Midi2\lib</Filter>
    </ClInclude>
    <ClInclude Include="..\..\..\Cinder\blocks\Cinder-MIDI2\lib\RtMidi.h">
      <Filter>Blocks\Midi2\lib</Filter>
    </ClInclude>
    <ClCompile Include="..\..\..\Cinder\blocks\Cinder-MIDI2\src\MidiHub.cpp">
      <Filter>Blocks\Midi2\src</Filter>
    </ClCompile>
    <ClCompile Include="..\..\..\Cinder\blocks\Cinder-MIDI2\src\MidiIn.cpp">
      <Filter>Blocks\Midi2\src</Filter>
    </ClCompile>
    <ClCompile Include="..\..\..\Cinder\blocks\Cinder-MIDI2\src\MidiMessage.cpp">
      <Filter>Blocks\Midi2\src</Filter>
    </ClCompile>
    <ClCompile Include="..\..\..\Cinder\blocks\Cinder-MIDI2\src\MidiOut.cpp">
      <Filter>Blocks\Midi2\src</Filter>
    </ClCompile>
    <ClCompile Include="..\..\..\Cinder\blocks\Cinder-MIDI2\lib\RtMidi.cpp">
      <Filter>Blocks\Midi2\lib</Filter>
    </ClCompile>
    <ClInclude Include="..\..\..\Cinder\blocks\Cinder-Warping\include\Warp.h">
      <Filter>Blocks\Cinder-Warping\include</Filter>
    </ClInclude>
    <ClCompile Include="..\..\..\Cinder\blocks\Cinder-Warping\src\Warp.cpp">
      <Filter>Blocks\Cinder-Warping\src</Filter>
    </ClCompile>
    <ClCompile Include="..\..\..\Cinder\blocks\Cinder-Warping\src\WarpBilinear.cpp">
      <Filter>Blocks\Cinder-Warping\src</Filter>
    </ClCompile>
    <ClCompile Include="..\..\..\Cinder\blocks\Cinder-Warping\src\WarpPerspective.cpp">
      <Filter>Blocks\Cinder-Warping\src</Filter>
    </ClCompile>
    <ClCompile Include="..\..\..\Cinder\blocks\Cinder-Warping\src\WarpPerspectiveBilinear.cpp">
      <Filter>Blocks\Cinder-Warping\src</Filter>
    </ClCompile>
    <ClCompile Include="..\..\..\Cinder\blocks\Cinder-WebSocketPP\src\WebSocketClient.cpp">
      <Filter>Blocks\Cinder-WebSocketPP\src</Filter>
    </ClCompile>
    <ClCompile Include="..\..\..\Cinder\blocks\Cinder-WebSocketPP\src\WebSocketConnection.cpp">
      <Filter>Blocks\Cinder-WebSocketPP\src</Filter>
    </ClCompile>
    <ClCompile Include="..\..\..\Cinder\blocks\Cinder-WebSocketPP\src\WebSocketServer.cpp">
      <Filter>Blocks\Cinder-WebSocketPP\src</Filter>
    </ClCompile>
    <ClInclude Include="..\..\..\Cinder\blocks\Cinder-WebSocketPP\src\WebSocketClient.h">
      <Filter>Blocks\Cinder-WebSocketPP\src</Filter>
    </ClInclude>
    <ClInclude Include="..\..\..\Cinder\blocks\Cinder-WebSocketPP\src\WebSocketConnection.h">
      <Filter>Blocks\Cinder-WebSocketPP\src</Filter>
    </ClInclude>
    <ClInclude Include="..\..\..\Cinder\blocks\Cinder-WebSocketPP\src\WebSocketServer.h">
      <Filter>Blocks\Cinder-WebSocketPP\src</Filter>
    </ClInclude>
    <ClCompile Include="..\..\..\Cinder\blocks\OSC\src\cinder\osc\Osc.cpp">
      <Filter>Blocks\OSC\src\cinder\osc</Filter>
    </ClCompile>
    <ClInclude Include="..\..\..\Cinder\blocks\OSC\src\cinder\osc\Osc.h">
      <Filter>Blocks\OSC\src\cinder\osc</Filter>
    </ClInclude>
    <ClInclude Include="..\..\..\Cinder\blocks\Videodromm\include\LiveParam.h">
      <Filter>Blocks\Cinder-VD\include</Filter>
    </ClInclude>
    <ClInclude Include="..\..\..\Cinder\blocks\Videodromm\include\VDAnimation.h">
      <Filter>Blocks\Cinder-VD\include</Filter>
    </ClInclude>
    <ClInclude Include="..\..\..\Cinder\blocks\Videodromm\include\VDFbo.h">
      <Filter>Blocks\Cinder-VD\include</Filter>
    </ClInclude>
    <ClInclude Include="..\..\..\Cinder\blocks\Videodromm\include\VDLog.h">
      <Filter>Blocks\Cinder-VD\include</Filter>
    </ClInclude>
    <ClInclude Include="..\..\..\Cinder\blocks\Videodromm\include\VDRouter.h">
      <Filter>Blocks\Cinder-VD\include</Filter>
    </ClInclude>
    <ClInclude Include="..\..\..\Cinder\blocks\Videodromm\include\VDSession.h">
      <Filter>Blocks\Cinder-VD\include</Filter>
    </ClInclude>
    <ClInclude Include="..\..\..\Cinder\blocks\Videodromm\include\VDSettings.h">
      <Filter>Blocks\Cinder-VD\include</Filter>
    </ClInclude>
    <ClInclude Include="..\..\..\Cinder\blocks\Videodromm\include\VDShader.h">
      <Filter>Blocks\Cinder-VD\include</Filter>
    </ClInclude>
    <ClInclude Include="..\..\..\Cinder\blocks\Videodromm\include\VDTexture.h">
      <Filter>Blocks\Cinder-VD\include</Filter>
    </ClInclude>
    <ClInclude Include="..\..\..\Cinder\blocks\Videodromm\include\VDUtils.h">
      <Filter>Blocks\Cinder-VD\include</Filter>
    </ClInclude>
    <ClInclude Include="..\..\..\Cinder\blocks\Videodromm\include\VDWebsocket.h">
      <Filter>Blocks\Cinder-VD\include</Filter>
    </ClInclude>
    <ClInclude Include="..\..\..\Cinder\blocks\Videodromm\include\Watchdog.h">
      <Filter>Blocks\Cinder-VD\include</Filter>
    </ClInclude>
    <ClCompile Include="..\..\..\Cinder\blocks\Videodromm\src\LiveParam.cpp">
      <Filter>Blocks\Cinder-VD\src</Filter>
    </ClCompile>
    <ClCompile Include="..\..\..\Cinder\blocks\Videodromm\src\VDAnimation.cpp">
      <Filter>Blocks\Cinder-VD\src</Filter>
    </ClCompile>
    <ClCompile Include="..\..\..\Cinder\blocks\Videodromm\src\VDFbo.cpp">
      <Filter>Blocks\Cinder-VD\src</Filter>
    </ClCompile>
    <ClCompile Include="..\..\..\Cinder\blocks\Videodromm\src\VDLog.cpp">
      <Filter>Blocks\Cinder-VD\src</Filter>
    </ClCompile>
    <ClCompile Include="..\..\..\Cinder\blocks\Videodromm\src\VDRouter.cpp">
      <Filter>Blocks\Cinder-VD\src</Filter>
    </ClCompile>
    <ClCompile Include="..\..\..\Cinder\blocks\Videodromm\src\VDSession.cpp">
      <Filter>Blocks\Cinder-VD\src</Filter>
    </ClCompile>
    <ClCompile Include="..\..\..\Cinder\blocks\Videodromm\src\VDSettings.cpp">
      <Filter>Blocks\Cinder-VD\src</Filter>
    </ClCompile>
    <ClCompile Include="..\..\..\Cinder\blocks\Videodromm\src\VDShader.cpp">
      <Filter>Blocks\Cinder-VD\src</Filter>
    </ClCompile>
    <ClCompile Include="..\..\..\Cinder\blocks\Videodromm\src\VDTexture.cpp">
      <Filter>Blocks\Cinder-VD\src</Filter>
    </ClCompile>
    <ClCompile Include="..\..\..\Cinder\blocks\Videodromm\src\VDUtils.cpp">
      <Filter>Blocks\Cinder-VD\src</Filter>
    </ClCompile>
    <ClCompile Include="..\..\..\Cinder\blocks\Videodromm\src\VDWebsocket.cpp">
      <Filter>Blocks\Cinder-VD\src</Filter>
    </ClCompile>
    <ClInclude Include="..\..\..\Cinder\blocks\videodromm-ui\include\VDUI.h">
      <Filter>Blocks\Cinder-VDUI\include</Filter>
    </ClInclude>
    <ClInclude Include="..\..\..\Cinder\blocks\videodromm-ui\include\VDUIAnimation.h">
      <Filter>Blocks\Cinder-VDUI\include</Filter>
    </ClInclude>
    <ClInclude Include="..\..\..\Cinder\blocks\videodromm-ui\include\VDUIAudio.h">
      <Filter>Blocks\Cinder-VDUI\include</Filter>
    </ClInclude>
    <ClInclude Include="..\..\..\Cinder\blocks\videodromm-ui\include\VDUIBlend.h">
      <Filter>Blocks\Cinder-VDUI\include</Filter>
    </ClInclude>
    <ClInclude Include="..\..\..\Cinder\blocks\videodromm-ui\include\VDUIColor.h">
      <Filter>Blocks\Cinder-VDUI\include</Filter>
    </ClInclude>
    <ClInclude Include="..\..\..\Cinder\blocks\videodromm-ui\include\VDUIFbos.h">
      <Filter>Blocks\Cinder-VDUI\include</Filter>
    </ClInclude>
    <ClInclude Include="..\..\..\Cinder\blocks\videodromm-ui\include\VDUIMidi.h">
      <Filter>Blocks\Cinder-VDUI\include</Filter>
    </ClInclude>
    <ClInclude Include="..\..\..\Cinder\blocks\videodromm-ui\include\VDUIMouse.h">
      <Filter>Blocks\Cinder-VDUI\include</Filter>
    </ClInclude>
    <ClInclude Include="..\..\..\Cinder\blocks\videodromm-ui\include\VDUIOsc.h">
      <Filter>Blocks\Cinder-VDUI\include</Filter>
    </ClInclude>
    <ClInclude Include="..\..\..\Cinder\blocks\videodromm-ui\include\VDUIRender.h">
      <Filter>Blocks\Cinder-VDUI\include</Filter>
    </ClInclude>
    <ClInclude Include="..\..\..\Cinder\blocks\videodromm-ui\include\VDUIShaders.h">
      <Filter>Blocks\Cinder-VDUI\include</Filter>
    </ClInclude>
    <ClInclude Include="..\..\..\Cinder\blocks\videodromm-ui\include\VDUITempo.h">
      <Filter>Blocks\Cinder-VDUI\include</Filter>
    </ClInclude>
    <ClInclude Include="..\..\..\Cinder\blocks\videodromm-ui\include\VDUITextures.h">
      <Filter>Blocks\Cinder-VDUI\include</Filter>
    </ClInclude>
    <ClInclude Include="..\..\..\Cinder\blocks\videodromm-ui\include\VDUIWebsockets.h">
      <Filter>Blocks\Cinder-VDUI\include</Filter>
    </ClInclude>
    <ClCompile Include="..\..\..\Cinder\blocks\videodromm-ui\src\VDUI.cpp">
      <Filter>Blocks\Cinder-VDUI\src</Filter>
    </ClCompile>
    <ClCompile Include="..\..\..\Cinder\blocks\videodromm-ui\src\VDUIAnimation.cpp">
      <Filter>Blocks\Cinder-VDUI\src</Filter>
    </ClCompile>
    <ClCompile Include="..\..\..\Cinder\blocks\videodromm-ui\src\VDUIAudio.cpp">
      <Filter>Blocks\Cinder-VDUI\src</Filter>
    </ClCompile>
    <ClCompile Include="..\..\..\Cinder\blocks\videodromm-ui\src\VDUIBlend.cpp">
      <Filter>Blocks\Cinder-VDUI\src</Filter>
    </ClCompile>
    <ClCompile Include="..\..\..\Cinder\blocks\videodromm-ui\src\VDUIColor.cpp">
      <Filter>Blocks\Cinder-VDUI\src</Filter>
    </ClCompile>
    <ClCompile Include="..\..\..\Cinder\blocks\videodromm-ui\src\VDUIFbos.cpp">
      <Filter>Blocks\Cinder-VDUI\src</Filter>
    </ClCompile>
    <ClCompile Include="..\..\..\Cinder\blocks\videodromm-ui\src\VDUIMidi.cpp">
      <Filter>Blocks\Cinder-VDUI\src</Filter>
    </ClCompile>
    <ClCompile Include="..\..\..\Cinder\blocks\videodromm-ui\src\VDUIMouse.cpp">
      <Filter>Blocks\Cinder-VDUI\src</Filter>
    </ClCompile>
    <ClCompile Include="..\..\..\Cinder\blocks\videodromm-ui\src\VDUIOsc.cpp">
      <Filter>Blocks\Cinder-VDUI\src</Filter>
    </ClCompile>
    <ClCompile Include="..\..\..\Cinder\blocks\videodromm-ui\src\VDUIRender.cpp">
      <Filter>Blocks\Cinder-VDUI\src</Filter>
    </ClCompile>
    <ClCompile Include="..\..\..\Cinder\blocks\videodromm-ui\src\VDUIShaders.cpp">
      <Filter>Blocks\Cinder-VDUI\src</Filter>
    </ClCompile>
    <ClCompile Include="..\..\..\Cinder\blocks\videodromm-ui\src\VDUITempo.cpp">
      <Filter>Blocks\Cinder-VDUI\src</Filter>
    </ClCompile>
    <ClCompile Include="..\..\..\Cinder\blocks\videodromm-ui\src\VDUITextures.cpp">
      <Filter>Blocks\Cinder-VDUI\src</Filter>
    </ClCompile>
    <ClCompile Include="..\..\..\Cinder\blocks\videodromm-ui\src\VDUIWebsockets.cpp">
      <Filter>Blocks\Cinder-VDUI\src</Filter>
    </ClCompile>
  </ItemGroup>
  <ItemGroup>
    <ClInclude Include="..\include\Resources.h">
      <Filter>Header Files</Filter>
    </ClInclude>
  </ItemGroup>
  <ItemGroup>
    <ResourceCompile Include="Resources.rc">
      <Filter>Resource Files</Filter>
    </ResourceCompile>
  </ItemGroup>
  <ItemGroup>
    <None Include="..\assets\live_params.json">
      <Filter>assets</Filter>
    </None>
    <None Include="..\assets\session.json">
      <Filter>assets</Filter>
    </None>
    <None Include="..\assets\uniforms.json">
      <Filter>assets</Filter>
    </None>
  </ItemGroup>
  <ItemGroup>
    <Xml Include="..\assets\textures.xml">
      <Filter>assets</Filter>
    </Xml>
    <Xml Include="..\assets\warps.xml">
      <Filter>assets</Filter>
    </Xml>
    <Xml Include="build\Win32\Debug\VDImageSequence.xml">
      <Filter>debug</Filter>
    </Xml>
  </ItemGroup>
</Project>