
Microsoft Visual Studio Solution File, Format Version 12.00
# Visual Studio 2015
Project("{8BC9CEB8-8B4A-11D0-8D11-00A0C91BC942}") = "ImageSequence", "ImageSequence.vcxproj", "{6D51F540-2384-4628-B666-D32945B12A02}"
EndProject
Global
	GlobalSection(SolutionConfigurationPlatforms) = preSolution
		Debug|Win32 = Debug|Win32
		Release|Win32 = Release|Win32
		Debug|x64 = Debug|x64
		Release|x64 = Release|x64
	EndGlobalSection
	GlobalSection(ProjectConfigurationPlatforms) = postSolution
		{6D51F540-2384-4628-B666-D32945B12A02}.Debug|Win32.ActiveCfg = Debug|Win32
		{6D51F540-2384-4628-B666-D32945B12A02}.Debug|Win32.Build.0 = Debug|Win32
		{6D51F540-2384-4628-B666-D32945B12A02}.Release|Win32.ActiveCfg = Release|Win32
		{6D51F540-2384-4628-B666-D32945B12A02}.Release|Win32.Build.0 = Release|Win32
		{6D51F540-2384-4628-B666-D32945B12A02}.Debug|x64.ActiveCfg = Debug|x64
		{6D51F540-2384-4628-B666-D32945B12A02}.Debug|x64.Build.0 = Debug|x64
		{6D51F540-2384-4628-B666-D32945B12A02}.Release|x64.ActiveCfg = Release|x64
		{6D51F540-2384-4628-B666-D32945B12A02}.Release|x64.Build.0 = Release|x64
	EndGlobalSection
	GlobalSection(SolutionProperties) = preSolution
		HideSolutionNode = FALSE
	EndGlobalSection
EndGlobal
